// !$*UTF8*$!
{
	archiveVersion = 1;
	classes = {
	};
	objectVersion = 56;
	objects = {

/* Begin PBXBuildFile section */
		0271625B2C4AD27B00E2F4AA /* AI_Navigation_DemoApp.swift in Sources */ = {isa = PBXBuildFile; fileRef = 0271625A2C4AD27B00E2F4AA /* AI_Navigation_DemoApp.swift */; };
		0271625D2C4AD27B00E2F4AA /* ContentView.swift in Sources */ = {isa = PBXBuildFile; fileRef = 0271625C2C4AD27B00E2F4AA /* ContentView.swift */; };
		0271625F2C4AD27C00E2F4AA /* Assets.xcassets in Resources */ = {isa = PBXBuildFile; fileRef = 0271625E2C4AD27C00E2F4AA /* Assets.xcassets */; };
		027162632C4AD27C00E2F4AA /* Preview Assets.xcassets in Resources */ = {isa = PBXBuildFile; fileRef = 027162622C4AD27C00E2F4AA /* Preview Assets.xcassets */; };
		0271626D2C4AD27C00E2F4AA /* AI_Navigation_DemoTests.swift in Sources */ = {isa = PBXBuildFile; fileRef = 0271626C2C4AD27C00E2F4AA /* AI_Navigation_DemoTests.swift */; };
		027162772C4AD27C00E2F4AA /* AI_Navigation_DemoUITests.swift in Sources */ = {isa = PBXBuildFile; fileRef = 027162762C4AD27C00E2F4AA /* AI_Navigation_DemoUITests.swift */; };
		027162792C4AD27C00E2F4AA /* AI_Navigation_DemoUITestsLaunchTests.swift in Sources */ = {isa = PBXBuildFile; fileRef = 027162782C4AD27C00E2F4AA /* AI_Navigation_DemoUITestsLaunchTests.swift */; };
/* End PBXBuildFile section */

/* Begin PBXContainerItemProxy section */
		027162692C4AD27C00E2F4AA /* PBXContainerItemProxy */ = {
			isa = PBXContainerItemProxy;
			containerPortal = 0271624F2C4AD27B00E2F4AA /* Project object */;
			proxyType = 1;
			remoteGlobalIDString = 027162562C4AD27B00E2F4AA;
			remoteInfo = "AI Navigation Demo";
		};
		027162732C4AD27C00E2F4AA /* PBXContainerItemProxy */ = {
			isa = PBXContainerItemProxy;
			containerPortal = 0271624F2C4AD27B00E2F4AA /* Project object */;
			proxyType = 1;
			remoteGlobalIDString = 027162562C4AD27B00E2F4AA;
			remoteInfo = "AI Navigation Demo";
		};
/* End PBXContainerItemProxy section */

/* Begin PBXFileReference section */
		027162572C4AD27B00E2F4AA /* AI Navigation Demo.app */ = {isa = PBXFileReference; explicitFileType = wrapper.application; includeInIndex = 0; path = "AI Navigation Demo.app"; sourceTree = BUILT_PRODUCTS_DIR; };
		0271625A2C4AD27B00E2F4AA /* AI_Navigation_DemoApp.swift */ = {isa = PBXFileReference; lastKnownFileType = sourcecode.swift; path = AI_Navigation_DemoApp.swift; sourceTree = "<group>"; };
		0271625C2C4AD27B00E2F4AA /* ContentView.swift */ = {isa = PBXFileReference; lastKnownFileType = sourcecode.swift; path = ContentView.swift; sourceTree = "<group>"; };
		0271625E2C4AD27C00E2F4AA /* Assets.xcassets */ = {isa = PBXFileReference; lastKnownFileType = folder.assetcatalog; path = Assets.xcassets; sourceTree = "<group>"; };
		027162602C4AD27C00E2F4AA /* AI_Navigation_Demo.entitlements */ = {isa = PBXFileReference; lastKnownFileType = text.plist.entitlements; path = AI_Navigation_Demo.entitlements; sourceTree = "<group>"; };
		027162622C4AD27C00E2F4AA /* Preview Assets.xcassets */ = {isa = PBXFileReference; lastKnownFileType = folder.assetcatalog; path = "Preview Assets.xcassets"; sourceTree = "<group>"; };
		027162682C4AD27C00E2F4AA /* AI Navigation DemoTests.xctest */ = {isa = PBXFileReference; explicitFileType = wrapper.cfbundle; includeInIndex = 0; path = "AI Navigation DemoTests.xctest"; sourceTree = BUILT_PRODUCTS_DIR; };
		0271626C2C4AD27C00E2F4AA /* AI_Navigation_DemoTests.swift */ = {isa = PBXFileReference; lastKnownFileType = sourcecode.swift; path = AI_Navigation_DemoTests.swift; sourceTree = "<group>"; };
		027162722C4AD27C00E2F4AA /* AI Navigation DemoUITests.xctest */ = {isa = PBXFileReference; explicitFileType = wrapper.cfbundle; includeInIndex = 0; path = "AI Navigation DemoUITests.xctest"; sourceTree = BUILT_PRODUCTS_DIR; };
		027162762C4AD27C00E2F4AA /* AI_Navigation_DemoUITests.swift */ = {isa = PBXFileReference; lastKnownFileType = sourcecode.swift; path = AI_Navigation_DemoUITests.swift; sourceTree = "<group>"; };
		027162782C4AD27C00E2F4AA /* AI_Navigation_DemoUITestsLaunchTests.swift */ = {isa = PBXFileReference; lastKnownFileType = sourcecode.swift; path = AI_Navigation_DemoUITestsLaunchTests.swift; sourceTree = "<group>"; };
/* End PBXFileReference section */

/* Begin PBXFrameworksBuildPhase section */
		027162542C4AD27B00E2F4AA /* Frameworks */ = {
			isa = PBXFrameworksBuildPhase;
			buildActionMask = 2147483647;
			files = (
			);
			runOnlyForDeploymentPostprocessing = 0;
		};
		027162652C4AD27C00E2F4AA /* Frameworks */ = {
			isa = PBXFrameworksBuildPhase;
			buildActionMask = 2147483647;
			files = (
			);
			runOnlyForDeploymentPostprocessing = 0;
		};
		0271626F2C4AD27C00E2F4AA /* Frameworks */ = {
			isa = PBXFrameworksBuildPhase;
			buildActionMask = 2147483647;
			files = (
			);
			runOnlyForDeploymentPostprocessing = 0;
		};
/* End PBXFrameworksBuildPhase section */

/* Begin PBXGroup section */
		0271624E2C4AD27B00E2F4AA = {
			isa = PBXGroup;
			children = (
				027162592C4AD27B00E2F4AA /* AI Navigation Demo */,
				0271626B2C4AD27C00E2F4AA /* AI Navigation DemoTests */,
				027162752C4AD27C00E2F4AA /* AI Navigation DemoUITests */,
				027162582C4AD27B00E2F4AA /* Products */,
			);
			sourceTree = "<group>";
		};
		027162582C4AD27B00E2F4AA /* Products */ = {
			isa = PBXGroup;
			children = (
				027162572C4AD27B00E2F4AA /* AI Navigation Demo.app */,
				027162682C4AD27C00E2F4AA /* AI Navigation DemoTests.xctest */,
				027162722C4AD27C00E2F4AA /* AI Navigation DemoUITests.xctest */,
			);
			name = Products;
			sourceTree = "<group>";
		};
		027162592C4AD27B00E2F4AA /* AI Navigation Demo */ = {
			isa = PBXGroup;
			children = (
				0271625A2C4AD27B00E2F4AA /* AI_Navigation_DemoApp.swift */,
				0271625C2C4AD27B00E2F4AA /* ContentView.swift */,
				0271625E2C4AD27C00E2F4AA /* Assets.xcassets */,
				027162602C4AD27C00E2F4AA /* AI_Navigation_Demo.entitlements */,
				027162612C4AD27C00E2F4AA /* Preview Content */,
			);
			path = "AI Navigation Demo";
			sourceTree = "<group>";
		};
		027162612C4AD27C00E2F4AA /* Preview Content */ = {
			isa = PBXGroup;
			children = (
				027162622C4AD27C00E2F4AA /* Preview Assets.xcassets */,
			);
			path = "Preview Content";
			sourceTree = "<group>";
		};
		0271626B2C4AD27C00E2F4AA /* AI Navigation DemoTests */ = {
			isa = PBXGroup;
			children = (
				0271626C2C4AD27C00E2F4AA /* AI_Navigation_DemoTests.swift */,
			);
			path = "AI Navigation DemoTests";
			sourceTree = "<group>";
		};
		027162752C4AD27C00E2F4AA /* AI Navigation DemoUITests */ = {
			isa = PBXGroup;
			children = (
				027162762C4AD27C00E2F4AA /* AI_Navigation_DemoUITests.swift */,
				027162782C4AD27C00E2F4AA /* AI_Navigation_DemoUITestsLaunchTests.swift */,
			);
			path = "AI Navigation DemoUITests";
			sourceTree = "<group>";
		};
/* End PBXGroup section */

/* Begin PBXNativeTarget section */
		027162562C4AD27B00E2F4AA /* AI Navigation Demo */ = {
			isa = PBXNativeTarget;
			buildConfigurationList = 0271627C2C4AD27C00E2F4AA /* Build configuration list for PBXNativeTarget "AI Navigation Demo" */;
			buildPhases = (
				027162532C4AD27B00E2F4AA /* Sources */,
				027162542C4AD27B00E2F4AA /* Frameworks */,
				027162552C4AD27B00E2F4AA /* Resources */,
			);
			buildRules = (
			);
			dependencies = (
			);
			name = "AI Navigation Demo";
			productName = "AI Navigation Demo";
			productReference = 027162572C4AD27B00E2F4AA /* AI Navigation Demo.app */;
			productType = "com.apple.product-type.application";
		};
		027162672C4AD27C00E2F4AA /* AI Navigation DemoTests */ = {
			isa = PBXNativeTarget;
			buildConfigurationList = 0271627F2C4AD27C00E2F4AA /* Build configuration list for PBXNativeTarget "AI Navigation DemoTests" */;
			buildPhases = (
				027162642C4AD27C00E2F4AA /* Sources */,
				027162652C4AD27C00E2F4AA /* Frameworks */,
				027162662C4AD27C00E2F4AA /* Resources */,
			);
			buildRules = (
			);
			dependencies = (
				0271626A2C4AD27C00E2F4AA /* PBXTargetDependency */,
			);
			name = "AI Navigation DemoTests";
			productName = "AI Navigation DemoTests";
			productReference = 027162682C4AD27C00E2F4AA /* AI Navigation DemoTests.xctest */;
			productType = "com.apple.product-type.bundle.unit-test";
		};
		027162712C4AD27C00E2F4AA /* AI Navigation DemoUITests */ = {
			isa = PBXNativeTarget;
			buildConfigurationList = 027162822C4AD27C00E2F4AA /* Build configuration list for PBXNativeTarget "AI Navigation DemoUITests" */;
			buildPhases = (
				0271626E2C4AD27C00E2F4AA /* Sources */,
				0271626F2C4AD27C00E2F4AA /* Frameworks */,
				027162702C4AD27C00E2F4AA /* Resources */,
			);
			buildRules = (
			);
			dependencies = (
				027162742C4AD27C00E2F4AA /* PBXTargetDependency */,
			);
			name = "AI Navigation DemoUITests";
			productName = "AI Navigation DemoUITests";
			productReference = 027162722C4AD27C00E2F4AA /* AI Navigation DemoUITests.xctest */;
			productType = "com.apple.product-type.bundle.ui-testing";
		};
/* End PBXNativeTarget section */

/* Begin PBXProject section */
		0271624F2C4AD27B00E2F4AA /* Project object */ = {
			isa = PBXProject;
			attributes = {
				BuildIndependentTargetsInParallel = 1;
				LastSwiftUpdateCheck = 1540;
				LastUpgradeCheck = 1540;
				TargetAttributes = {
					027162562C4AD27B00E2F4AA = {
						CreatedOnToolsVersion = 15.4;
					};
					027162672C4AD27C00E2F4AA = {
						CreatedOnToolsVersion = 15.4;
						TestTargetID = 027162562C4AD27B00E2F4AA;
					};
					027162712C4AD27C00E2F4AA = {
						CreatedOnToolsVersion = 15.4;
						TestTargetID = 027162562C4AD27B00E2F4AA;
					};
				};
			};
			buildConfigurationList = 027162522C4AD27B00E2F4AA /* Build configuration list for PBXProject "AI Navigation Demo" */;
			compatibilityVersion = "Xcode 14.0";
			developmentRegion = en;
			hasScannedForEncodings = 0;
			knownRegions = (
				en,
				Base,
			);
			mainGroup = 0271624E2C4AD27B00E2F4AA;
			productRefGroup = 027162582C4AD27B00E2F4AA /* Products */;
			projectDirPath = "";
			projectRoot = "";
			targets = (
				027162562C4AD27B00E2F4AA /* AI Navigation Demo */,
				027162672C4AD27C00E2F4AA /* AI Navigation DemoTests */,
				027162712C4AD27C00E2F4AA /* AI Navigation DemoUITests */,
			);
		};
/* End PBXProject section */

/* Begin PBXResourcesBuildPhase section */
		027162552C4AD27B00E2F4AA /* Resources */ = {
			isa = PBXResourcesBuildPhase;
			buildActionMask = 2147483647;
			files = (
				027162632C4AD27C00E2F4AA /* Preview Assets.xcassets in Resources */,
				0271625F2C4AD27C00E2F4AA /* Assets.xcassets in Resources */,
			);
			runOnlyForDeploymentPostprocessing = 0;
		};
		027162662C4AD27C00E2F4AA /* Resources */ = {
			isa = PBXResourcesBuildPhase;
			buildActionMask = 2147483647;
			files = (
			);
			runOnlyForDeploymentPostprocessing = 0;
		};
		027162702C4AD27C00E2F4AA /* Resources */ = {
			isa = PBXResourcesBuildPhase;
			buildActionMask = 2147483647;
			files = (
			);
			runOnlyForDeploymentPostprocessing = 0;
		};
/* End PBXResourcesBuildPhase section */

/* Begin PBXSourcesBuildPhase section */
		027162532C4AD27B00E2F4AA /* Sources */ = {
			isa = PBXSourcesBuildPhase;
			buildActionMask = 2147483647;
			files = (
				0271625D2C4AD27B00E2F4AA /* ContentView.swift in Sources */,
				0271625B2C4AD27B00E2F4AA /* AI_Navigation_DemoApp.swift in Sources */,
			);
			runOnlyForDeploymentPostprocessing = 0;
		};
		027162642C4AD27C00E2F4AA /* Sources */ = {
			isa = PBXSourcesBuildPhase;
			buildActionMask = 2147483647;
			files = (
				0271626D2C4AD27C00E2F4AA /* AI_Navigation_DemoTests.swift in Sources */,
			);
			runOnlyForDeploymentPostprocessing = 0;
		};
		0271626E2C4AD27C00E2F4AA /* Sources */ = {
			isa = PBXSourcesBuildPhase;
			buildActionMask = 2147483647;
			files = (
				027162772C4AD27C00E2F4AA /* AI_Navigation_DemoUITests.swift in Sources */,
				027162792C4AD27C00E2F4AA /* AI_Navigation_DemoUITestsLaunchTests.swift in Sources */,
			);
			runOnlyForDeploymentPostprocessing = 0;
		};
/* End PBXSourcesBuildPhase section */

/* Begin PBXTargetDependency section */
		0271626A2C4AD27C00E2F4AA /* PBXTargetDependency */ = {
			isa = PBXTargetDependency;
			target = 027162562C4AD27B00E2F4AA /* AI Navigation Demo */;
			targetProxy = 027162692C4AD27C00E2F4AA /* PBXContainerItemProxy */;
		};
		027162742C4AD27C00E2F4AA /* PBXTargetDependency */ = {
			isa = PBXTargetDependency;
			target = 027162562C4AD27B00E2F4AA /* AI Navigation Demo */;
			targetProxy = 027162732C4AD27C00E2F4AA /* PBXContainerItemProxy */;
		};
/* End PBXTargetDependency section */

/* Begin XCBuildConfiguration section */
		0271627A2C4AD27C00E2F4AA /* Debug */ = {
			isa = XCBuildConfiguration;
			buildSettings = {
				ALWAYS_SEARCH_USER_PATHS = NO;
				ASSETCATALOG_COMPILER_GENERATE_SWIFT_ASSET_SYMBOL_EXTENSIONS = YES;
				CLANG_ANALYZER_NONNULL = YES;
				CLANG_ANALYZER_NUMBER_OBJECT_CONVERSION = YES_AGGRESSIVE;
				CLANG_CXX_LANGUAGE_STANDARD = "gnu++20";
				CLANG_ENABLE_MODULES = YES;
				CLANG_ENABLE_OBJC_ARC = YES;
				CLANG_ENABLE_OBJC_WEAK = YES;
				CLANG_WARN_BLOCK_CAPTURE_AUTORELEASING = YES;
				CLANG_WARN_BOOL_CONVERSION = YES;
				CLANG_WARN_COMMA = YES;
				CLANG_WARN_CONSTANT_CONVERSION = YES;
				CLANG_WARN_DEPRECATED_OBJC_IMPLEMENTATIONS = YES;
				CLANG_WARN_DIRECT_OBJC_ISA_USAGE = YES_ERROR;
				CLANG_WARN_DOCUMENTATION_COMMENTS = YES;
				CLANG_WARN_EMPTY_BODY = YES;
				CLANG_WARN_ENUM_CONVERSION = YES;
				CLANG_WARN_INFINITE_RECURSION = YES;
				CLANG_WARN_INT_CONVERSION = YES;
				CLANG_WARN_NON_LITERAL_NULL_CONVERSION = YES;
				CLANG_WARN_OBJC_IMPLICIT_RETAIN_SELF = YES;
				CLANG_WARN_OBJC_LITERAL_CONVERSION = YES;
				CLANG_WARN_OBJC_ROOT_CLASS = YES_ERROR;
				CLANG_WARN_QUOTED_INCLUDE_IN_FRAMEWORK_HEADER = YES;
				CLANG_WARN_RANGE_LOOP_ANALYSIS = YES;
				CLANG_WARN_STRICT_PROTOTYPES = YES;
				CLANG_WARN_SUSPICIOUS_MOVE = YES;
				CLANG_WARN_UNGUARDED_AVAILABILITY = YES_AGGRESSIVE;
				CLANG_WARN_UNREACHABLE_CODE = YES;
				CLANG_WARN__DUPLICATE_METHOD_MATCH = YES;
				COPY_PHASE_STRIP = NO;
				DEBUG_INFORMATION_FORMAT = dwarf;
				ENABLE_STRICT_OBJC_MSGSEND = YES;
				ENABLE_TESTABILITY = YES;
				ENABLE_USER_SCRIPT_SANDBOXING = YES;
				GCC_C_LANGUAGE_STANDARD = gnu17;
				GCC_DYNAMIC_NO_PIC = NO;
				GCC_NO_COMMON_BLOCKS = YES;
				GCC_OPTIMIZATION_LEVEL = 0;
				GCC_PREPROCESSOR_DEFINITIONS = (
					"DEBUG=1",
					"$(inherited)",
				);
				GCC_WARN_64_TO_32_BIT_CONVERSION = YES;
				GCC_WARN_ABOUT_RETURN_TYPE = YES_ERROR;
				GCC_WARN_UNDECLARED_SELECTOR = YES;
				GCC_WARN_UNINITIALIZED_AUTOS = YES_AGGRESSIVE;
				GCC_WARN_UNUSED_FUNCTION = YES;
				GCC_WARN_UNUSED_VARIABLE = YES;
				LOCALIZATION_PREFERS_STRING_CATALOGS = YES;
				MTL_ENABLE_DEBUG_INFO = INCLUDE_SOURCE;
				MTL_FAST_MATH = YES;
				ONLY_ACTIVE_ARCH = YES;
				SWIFT_ACTIVE_COMPILATION_CONDITIONS = "DEBUG $(inherited)";
				SWIFT_OPTIMIZATION_LEVEL = "-Onone";
			};
			name = Debug;
		};
		0271627B2C4AD27C00E2F4AA /* Release */ = {
			isa = XCBuildConfiguration;
			buildSettings = {
				ALWAYS_SEARCH_USER_PATHS = NO;
				ASSETCATALOG_COMPILER_GENERATE_SWIFT_ASSET_SYMBOL_EXTENSIONS = YES;
				CLANG_ANALYZER_NONNULL = YES;
				CLANG_ANALYZER_NUMBER_OBJECT_CONVERSION = YES_AGGRESSIVE;
				CLANG_CXX_LANGUAGE_STANDARD = "gnu++20";
				CLANG_ENABLE_MODULES = YES;
				CLANG_ENABLE_OBJC_ARC = YES;
				CLANG_ENABLE_OBJC_WEAK = YES;
				CLANG_WARN_BLOCK_CAPTURE_AUTORELEASING = YES;
				CLANG_WARN_BOOL_CONVERSION = YES;
				CLANG_WARN_COMMA = YES;
				CLANG_WARN_CONSTANT_CONVERSION = YES;
				CLANG_WARN_DEPRECATED_OBJC_IMPLEMENTATIONS = YES;
				CLANG_WARN_DIRECT_OBJC_ISA_USAGE = YES_ERROR;
				CLANG_WARN_DOCUMENTATION_COMMENTS = YES;
				CLANG_WARN_EMPTY_BODY = YES;
				CLANG_WARN_ENUM_CONVERSION = YES;
				CLANG_WARN_INFINITE_RECURSION = YES;
				CLANG_WARN_INT_CONVERSION = YES;
				CLANG_WARN_NON_LITERAL_NULL_CONVERSION = YES;
				CLANG_WARN_OBJC_IMPLICIT_RETAIN_SELF = YES;
				CLANG_WARN_OBJC_LITERAL_CONVERSION = YES;
				CLANG_WARN_OBJC_ROOT_CLASS = YES_ERROR;
				CLANG_WARN_QUOTED_INCLUDE_IN_FRAMEWORK_HEADER = YES;
				CLANG_WARN_RANGE_LOOP_ANALYSIS = YES;
				CLANG_WARN_STRICT_PROTOTYPES = YES;
				CLANG_WARN_SUSPICIOUS_MOVE = YES;
				CLANG_WARN_UNGUARDED_AVAILABILITY = YES_AGGRESSIVE;
				CLANG_WARN_UNREACHABLE_CODE = YES;
				CLANG_WARN__DUPLICATE_METHOD_MATCH = YES;
				COPY_PHASE_STRIP = NO;
				DEBUG_INFORMATION_FORMAT = "dwarf-with-dsym";
				ENABLE_NS_ASSERTIONS = NO;
				ENABLE_STRICT_OBJC_MSGSEND = YES;
				ENABLE_USER_SCRIPT_SANDBOXING = YES;
				GCC_C_LANGUAGE_STANDARD = gnu17;
				GCC_NO_COMMON_BLOCKS = YES;
				GCC_WARN_64_TO_32_BIT_CONVERSION = YES;
				GCC_WARN_ABOUT_RETURN_TYPE = YES_ERROR;
				GCC_WARN_UNDECLARED_SELECTOR = YES;
				GCC_WARN_UNINITIALIZED_AUTOS = YES_AGGRESSIVE;
				GCC_WARN_UNUSED_FUNCTION = YES;
				GCC_WARN_UNUSED_VARIABLE = YES;
				LOCALIZATION_PREFERS_STRING_CATALOGS = YES;
				MTL_ENABLE_DEBUG_INFO = NO;
				MTL_FAST_MATH = YES;
				SWIFT_COMPILATION_MODE = wholemodule;
			};
			name = Release;
		};
		0271627D2C4AD27C00E2F4AA /* Debug */ = {
			isa = XCBuildConfiguration;
			buildSettings = {
				ASSETCATALOG_COMPILER_APPICON_NAME = AppIcon;
				ASSETCATALOG_COMPILER_GLOBAL_ACCENT_COLOR_NAME = AccentColor;
				CODE_SIGN_ENTITLEMENTS = "AI Navigation Demo/AI_Navigation_Demo.entitlements";
				CODE_SIGN_STYLE = Automatic;
				CURRENT_PROJECT_VERSION = 1;
				DEVELOPMENT_ASSET_PATHS = "\"AI Navigation Demo/Preview Content\"";
				ENABLE_PREVIEWS = YES;
				GENERATE_INFOPLIST_FILE = YES;
				"INFOPLIST_KEY_UIApplicationSceneManifest_Generation[sdk=iphoneos*]" = YES;
				"INFOPLIST_KEY_UIApplicationSceneManifest_Generation[sdk=iphonesimulator*]" = YES;
				"INFOPLIST_KEY_UIApplicationSupportsIndirectInputEvents[sdk=iphoneos*]" = YES;
				"INFOPLIST_KEY_UIApplicationSupportsIndirectInputEvents[sdk=iphonesimulator*]" = YES;
				"INFOPLIST_KEY_UILaunchScreen_Generation[sdk=iphoneos*]" = YES;
				"INFOPLIST_KEY_UILaunchScreen_Generation[sdk=iphonesimulator*]" = YES;
				"INFOPLIST_KEY_UIStatusBarStyle[sdk=iphoneos*]" = UIStatusBarStyleDefault;
				"INFOPLIST_KEY_UIStatusBarStyle[sdk=iphonesimulator*]" = UIStatusBarStyleDefault;
				INFOPLIST_KEY_UISupportedInterfaceOrientations_iPad = "UIInterfaceOrientationPortrait UIInterfaceOrientationPortraitUpsideDown UIInterfaceOrientationLandscapeLeft UIInterfaceOrientationLandscapeRight";
				INFOPLIST_KEY_UISupportedInterfaceOrientations_iPhone = "UIInterfaceOrientationPortrait UIInterfaceOrientationLandscapeLeft UIInterfaceOrientationLandscapeRight";
				IPHONEOS_DEPLOYMENT_TARGET = 17.5;
				LD_RUNPATH_SEARCH_PATHS = "@executable_path/Frameworks";
				"LD_RUNPATH_SEARCH_PATHS[sdk=macosx*]" = "@executable_path/../Frameworks";
				MACOSX_DEPLOYMENT_TARGET = 14.5;
				MARKETING_VERSION = 1.0;
				PRODUCT_BUNDLE_IDENTIFIER = "net.bradball.AI-Navigation-Demo";
				PRODUCT_NAME = "$(TARGET_NAME)";
				SDKROOT = auto;
				SUPPORTED_PLATFORMS = "iphoneos iphonesimulator macosx";
				SWIFT_EMIT_LOC_STRINGS = YES;
				SWIFT_VERSION = 5.0;
				TARGETED_DEVICE_FAMILY = "1,2";
			};
			name = Debug;
		};
		0271627E2C4AD27C00E2F4AA /* Release */ = {
			isa = XCBuildConfiguration;
			buildSettings = {
				ASSETCATALOG_COMPILER_APPICON_NAME = AppIcon;
				ASSETCATALOG_COMPILER_GLOBAL_ACCENT_COLOR_NAME = AccentColor;
				CODE_SIGN_ENTITLEMENTS = "AI Navigation Demo/AI_Navigation_Demo.entitlements";
				CODE_SIGN_STYLE = Automatic;
				CURRENT_PROJECT_VERSION = 1;
				DEVELOPMENT_ASSET_PATHS = "\"AI Navigation Demo/Preview Content\"";
				ENABLE_PREVIEWS = YES;
				GENERATE_INFOPLIST_FILE = YES;
				"INFOPLIST_KEY_UIApplicationSceneManifest_Generation[sdk=iphoneos*]" = YES;
				"INFOPLIST_KEY_UIApplicationSceneManifest_Generation[sdk=iphonesimulator*]" = YES;
				"INFOPLIST_KEY_UIApplicationSupportsIndirectInputEvents[sdk=iphoneos*]" = YES;
				"INFOPLIST_KEY_UIApplicationSupportsIndirectInputEvents[sdk=iphonesimulator*]" = YES;
				"INFOPLIST_KEY_UILaunchScreen_Generation[sdk=iphoneos*]" = YES;
				"INFOPLIST_KEY_UILaunchScreen_Generation[sdk=iphonesimulator*]" = YES;
				"INFOPLIST_KEY_UIStatusBarStyle[sdk=iphoneos*]" = UIStatusBarStyleDefault;
				"INFOPLIST_KEY_UIStatusBarStyle[sdk=iphonesimulator*]" = UIStatusBarStyleDefault;
				INFOPLIST_KEY_UISupportedInterfaceOrientations_iPad = "UIInterfaceOrientationPortrait UIInterfaceOrientationPortraitUpsideDown UIInterfaceOrientationLandscapeLeft UIInterfaceOrientationLandscapeRight";
				INFOPLIST_KEY_UISupportedInterfaceOrientations_iPhone = "UIInterfaceOrientationPortrait UIInterfaceOrientationLandscapeLeft UIInterfaceOrientationLandscapeRight";
				IPHONEOS_DEPLOYMENT_TARGET = 17.5;
				LD_RUNPATH_SEARCH_PATHS = "@executable_path/Frameworks";
				"LD_RUNPATH_SEARCH_PATHS[sdk=macosx*]" = "@executable_path/../Frameworks";
				MACOSX_DEPLOYMENT_TARGET = 14.5;
				MARKETING_VERSION = 1.0;
				PRODUCT_BUNDLE_IDENTIFIER = "net.bradball.AI-Navigation-Demo";
				PRODUCT_NAME = "$(TARGET_NAME)";
				SDKROOT = auto;
				SUPPORTED_PLATFORMS = "iphoneos iphonesimulator macosx";
				SWIFT_EMIT_LOC_STRINGS = YES;
				SWIFT_VERSION = 5.0;
				TARGETED_DEVICE_FAMILY = "1,2";
			};
			name = Release;
		};
		027162802C4AD27C00E2F4AA /* Debug */ = {
			isa = XCBuildConfiguration;
			buildSettings = {
				ALWAYS_EMBED_SWIFT_STANDARD_LIBRARIES = YES;
				BUNDLE_LOADER = "$(TEST_HOST)";
				CODE_SIGN_STYLE = Automatic;
				CURRENT_PROJECT_VERSION = 1;
				GENERATE_INFOPLIST_FILE = YES;
				IPHONEOS_DEPLOYMENT_TARGET = 17.5;
				MACOSX_DEPLOYMENT_TARGET = 14.5;
				MARKETING_VERSION = 1.0;
				PRODUCT_BUNDLE_IDENTIFIER = "net.bradball.AI-Navigation-DemoTests";
				PRODUCT_NAME = "$(TARGET_NAME)";
				SDKROOT = auto;
				SUPPORTED_PLATFORMS = "iphoneos iphonesimulator macosx";
				SWIFT_EMIT_LOC_STRINGS = NO;
				SWIFT_VERSION = 5.0;
				TARGETED_DEVICE_FAMILY = "1,2";
				TEST_HOST = "$(BUILT_PRODUCTS_DIR)/AI Navigation Demo.app/$(BUNDLE_EXECUTABLE_FOLDER_PATH)/AI Navigation Demo";
			};
			name = Debug;
		};
		027162812C4AD27C00E2F4AA /* Release */ = {
			isa = XCBuildConfiguration;
			buildSettings = {
				ALWAYS_EMBED_SWIFT_STANDARD_LIBRARIES = YES;
				BUNDLE_LOADER = "$(TEST_HOST)";
				CODE_SIGN_STYLE = Automatic;
				CURRENT_PROJECT_VERSION = 1;
				GENERATE_INFOPLIST_FILE = YES;
				IPHONEOS_DEPLOYMENT_TARGET = 17.5;
				MACOSX_DEPLOYMENT_TARGET = 14.5;
				MARKETING_VERSION = 1.0;
				PRODUCT_BUNDLE_IDENTIFIER = "net.bradball.AI-Navigation-DemoTests";
				PRODUCT_NAME = "$(TARGET_NAME)";
				SDKROOT = auto;
				SUPPORTED_PLATFORMS = "iphoneos iphonesimulator macosx";
				SWIFT_EMIT_LOC_STRINGS = NO;
				SWIFT_VERSION = 5.0;
				TARGETED_DEVICE_FAMILY = "1,2";
				TEST_HOST = "$(BUILT_PRODUCTS_DIR)/AI Navigation Demo.app/$(BUNDLE_EXECUTABLE_FOLDER_PATH)/AI Navigation Demo";
			};
			name = Release;
		};
		027162832C4AD27C00E2F4AA /* Debug */ = {
			isa = XCBuildConfiguration;
			buildSettings = {
				ALWAYS_EMBED_SWIFT_STANDARD_LIBRARIES = YES;
				CODE_SIGN_STYLE = Automatic;
				CURRENT_PROJECT_VERSION = 1;
				GENERATE_INFOPLIST_FILE = YES;
				IPHONEOS_DEPLOYMENT_TARGET = 17.5;
				MACOSX_DEPLOYMENT_TARGET = 14.5;
				MARKETING_VERSION = 1.0;
				PRODUCT_BUNDLE_IDENTIFIER = "net.bradball.AI-Navigation-DemoUITests";
				PRODUCT_NAME = "$(TARGET_NAME)";
				SDKROOT = auto;
				SUPPORTED_PLATFORMS = "iphoneos iphonesimulator macosx";
				SWIFT_EMIT_LOC_STRINGS = NO;
				SWIFT_VERSION = 5.0;
				TARGETED_DEVICE_FAMILY = "1,2";
				TEST_TARGET_NAME = "AI Navigation Demo";
			};
			name = Debug;
		};
		027162842C4AD27C00E2F4AA /* Release */ = {
			isa = XCBuildConfiguration;
			buildSettings = {
				ALWAYS_EMBED_SWIFT_STANDARD_LIBRARIES = YES;
				CODE_SIGN_STYLE = Automatic;
				CURRENT_PROJECT_VERSION = 1;
				GENERATE_INFOPLIST_FILE = YES;
				IPHONEOS_DEPLOYMENT_TARGET = 17.5;
				MACOSX_DEPLOYMENT_TARGET = 14.5;
				MARKETING_VERSION = 1.0;
				PRODUCT_BUNDLE_IDENTIFIER = "net.bradball.AI-Navigation-DemoUITests";
				PRODUCT_NAME = "$(TARGET_NAME)";
				SDKROOT = auto;
				SUPPORTED_PLATFORMS = "iphoneos iphonesimulator macosx";
				SWIFT_EMIT_LOC_STRINGS = NO;
				SWIFT_VERSION = 5.0;
				TARGETED_DEVICE_FAMILY = "1,2";
				TEST_TARGET_NAME = "AI Navigation Demo";
			};
			name = Release;
		};
/* End XCBuildConfiguration section */

/* Begin XCConfigurationList section */
		027162522C4AD27B00E2F4AA /* Build configuration list for PBXProject "AI Navigation Demo" */ = {
			isa = XCConfigurationList;
			buildConfigurations = (
				0271627A2C4AD27C00E2F4AA /* Debug */,
				0271627B2C4AD27C00E2F4AA /* Release */,
			);
			defaultConfigurationIsVisible = 0;
			defaultConfigurationName = Release;
		};
		0271627C2C4AD27C00E2F4AA /* Build configuration list for PBXNativeTarget "AI Navigation Demo" */ = {
			isa = XCConfigurationList;
			buildConfigurations = (
				0271627D2C4AD27C00E2F4AA /* Debug */,
				0271627E2C4AD27C00E2F4AA /* Release */,
			);
			defaultConfigurationIsVisible = 0;
			defaultConfigurationName = Release;
		};
		0271627F2C4AD27C00E2F4AA /* Build configuration list for PBXNativeTarget "AI Navigation DemoTests" */ = {
			isa = XCConfigurationList;
			buildConfigurations = (
				027162802C4AD27C00E2F4AA /* Debug */,
				027162812C4AD27C00E2F4AA /* Release */,
			);
			defaultConfigurationIsVisible = 0;
			defaultConfigurationName = Release;
		};
		027162822C4AD27C00E2F4AA /* Build configuration list for PBXNativeTarget "AI Navigation DemoUITests" */ = {
			isa = XCConfigurationList;
			buildConfigurations = (
				027162832C4AD27C00E2F4AA /* Debug */,
				027162842C4AD27C00E2F4AA /* Release */,
			);
			defaultConfigurationIsVisible = 0;
			defaultConfigurationName = Release;
		};
/* End XCConfigurationList section */
	};
	rootObject = 0271624F2C4AD27B00E2F4AA /* Project object */;
}
